// !$*UTF8*$!
{
	archiveVersion = 1;
	classes = {
	};
	objectVersion = 55;
	objects = {

/* Begin PBXBuildFile section */
		3B08BE4527B2D33F00C36C2F /* AppDelegate.swift in Sources */ = {isa = PBXBuildFile; fileRef = 3B08BE4427B2D33F00C36C2F /* AppDelegate.swift */; };
		3B08BE4727B2D33F00C36C2F /* SceneDelegate.swift in Sources */ = {isa = PBXBuildFile; fileRef = 3B08BE4627B2D33F00C36C2F /* SceneDelegate.swift */; };
		3B08BE4927B2D33F00C36C2F /* ConversationViewController.swift in Sources */ = {isa = PBXBuildFile; fileRef = 3B08BE4827B2D33F00C36C2F /* ConversationViewController.swift */; };
		3B08BE4C27B2D33F00C36C2F /* Main.storyboard in Resources */ = {isa = PBXBuildFile; fileRef = 3B08BE4A27B2D33F00C36C2F /* Main.storyboard */; };
		3B08BE4E27B2D34000C36C2F /* Assets.xcassets in Resources */ = {isa = PBXBuildFile; fileRef = 3B08BE4D27B2D34000C36C2F /* Assets.xcassets */; };
		3B08BE5127B2D34000C36C2F /* LaunchScreen.storyboard in Resources */ = {isa = PBXBuildFile; fileRef = 3B08BE4F27B2D34000C36C2F /* LaunchScreen.storyboard */; };
		3B08BE5F27B2F74900C36C2F /* LoginViewController.swift in Sources */ = {isa = PBXBuildFile; fileRef = 3B08BE5E27B2F74900C36C2F /* LoginViewController.swift */; };
		3B08BE6127B2F75900C36C2F /* RegisterViewController.swift in Sources */ = {isa = PBXBuildFile; fileRef = 3B08BE6027B2F75900C36C2F /* RegisterViewController.swift */; };
		3B08BE6327B2F78500C36C2F /* PhotoViewerViewController.swift in Sources */ = {isa = PBXBuildFile; fileRef = 3B08BE6227B2F78500C36C2F /* PhotoViewerViewController.swift */; };
		3B08BE6527B2F79100C36C2F /* VideoPlayerViewController.swift in Sources */ = {isa = PBXBuildFile; fileRef = 3B08BE6427B2F79100C36C2F /* VideoPlayerViewController.swift */; };
		3B08BE6727B2F7C200C36C2F /* NewConversationViewController.swift in Sources */ = {isa = PBXBuildFile; fileRef = 3B08BE6627B2F7C200C36C2F /* NewConversationViewController.swift */; };
		3B08BE6927B2F7D400C36C2F /* ProfileViewController.swift in Sources */ = {isa = PBXBuildFile; fileRef = 3B08BE6827B2F7D400C36C2F /* ProfileViewController.swift */; };
		3BEFAAB227B44F6E00D1E3B0 /* UIView+.swift in Sources */ = {isa = PBXBuildFile; fileRef = 3BEFAAB127B44F6E00D1E3B0 /* UIView+.swift */; };
		3BEFAABF27B93DCD00D1E3B0 /* SnapKit in Frameworks */ = {isa = PBXBuildFile; productRef = 3BEFAABE27B93DCD00D1E3B0 /* SnapKit */; };
		3BEFAACB27BACFEF00D1E3B0 /* CustomTextField.swift in Sources */ = {isa = PBXBuildFile; fileRef = 3BEFAACA27BACFEF00D1E3B0 /* CustomTextField.swift */; };
/* End PBXBuildFile section */

/* Begin PBXFileReference section */
		3B08BE4127B2D33F00C36C2F /* Messenger.app */ = {isa = PBXFileReference; explicitFileType = wrapper.application; includeInIndex = 0; path = Messenger.app; sourceTree = BUILT_PRODUCTS_DIR; };
		3B08BE4427B2D33F00C36C2F /* AppDelegate.swift */ = {isa = PBXFileReference; lastKnownFileType = sourcecode.swift; path = AppDelegate.swift; sourceTree = "<group>"; };
		3B08BE4627B2D33F00C36C2F /* SceneDelegate.swift */ = {isa = PBXFileReference; lastKnownFileType = sourcecode.swift; path = SceneDelegate.swift; sourceTree = "<group>"; };
		3B08BE4827B2D33F00C36C2F /* ConversationViewController.swift */ = {isa = PBXFileReference; lastKnownFileType = sourcecode.swift; path = ConversationViewController.swift; sourceTree = "<group>"; };
		3B08BE4B27B2D33F00C36C2F /* Base */ = {isa = PBXFileReference; lastKnownFileType = file.storyboard; name = Base; path = Base.lproj/Main.storyboard; sourceTree = "<group>"; };
		3B08BE4D27B2D34000C36C2F /* Assets.xcassets */ = {isa = PBXFileReference; lastKnownFileType = folder.assetcatalog; path = Assets.xcassets; sourceTree = "<group>"; };
		3B08BE5027B2D34000C36C2F /* Base */ = {isa = PBXFileReference; lastKnownFileType = file.storyboard; name = Base; path = Base.lproj/LaunchScreen.storyboard; sourceTree = "<group>"; };
		3B08BE5227B2D34000C36C2F /* Info.plist */ = {isa = PBXFileReference; lastKnownFileType = text.plist.xml; path = Info.plist; sourceTree = "<group>"; };
		3B08BE5E27B2F74900C36C2F /* LoginViewController.swift */ = {isa = PBXFileReference; lastKnownFileType = sourcecode.swift; path = LoginViewController.swift; sourceTree = "<group>"; };
		3B08BE6027B2F75900C36C2F /* RegisterViewController.swift */ = {isa = PBXFileReference; lastKnownFileType = sourcecode.swift; path = RegisterViewController.swift; sourceTree = "<group>"; };
		3B08BE6227B2F78500C36C2F /* PhotoViewerViewController.swift */ = {isa = PBXFileReference; lastKnownFileType = sourcecode.swift; path = PhotoViewerViewController.swift; sourceTree = "<group>"; };
		3B08BE6427B2F79100C36C2F /* VideoPlayerViewController.swift */ = {isa = PBXFileReference; lastKnownFileType = sourcecode.swift; path = VideoPlayerViewController.swift; sourceTree = "<group>"; };
		3B08BE6627B2F7C200C36C2F /* NewConversationViewController.swift */ = {isa = PBXFileReference; lastKnownFileType = sourcecode.swift; path = NewConversationViewController.swift; sourceTree = "<group>"; };
		3B08BE6827B2F7D400C36C2F /* ProfileViewController.swift */ = {isa = PBXFileReference; lastKnownFileType = sourcecode.swift; path = ProfileViewController.swift; sourceTree = "<group>"; };
		3BEFAAB127B44F6E00D1E3B0 /* UIView+.swift */ = {isa = PBXFileReference; lastKnownFileType = sourcecode.swift; path = "UIView+.swift"; sourceTree = "<group>"; };
		3BEFAACA27BACFEF00D1E3B0 /* CustomTextField.swift */ = {isa = PBXFileReference; lastKnownFileType = sourcecode.swift; path = CustomTextField.swift; sourceTree = "<group>"; };
/* End PBXFileReference section */

/* Begin PBXFrameworksBuildPhase section */
		3B08BE3E27B2D33F00C36C2F /* Frameworks */ = {
			isa = PBXFrameworksBuildPhase;
			buildActionMask = 2147483647;
			files = (
				3BEFAABF27B93DCD00D1E3B0 /* SnapKit in Frameworks */,
			);
			runOnlyForDeploymentPostprocessing = 0;
		};
/* End PBXFrameworksBuildPhase section */

/* Begin PBXGroup section */
		3B08BE3827B2D33F00C36C2F = {
			isa = PBXGroup;
			children = (
				3B08BE4327B2D33F00C36C2F /* Messenger */,
				3B08BE4227B2D33F00C36C2F /* Products */,
			);
			sourceTree = "<group>";
		};
		3B08BE4227B2D33F00C36C2F /* Products */ = {
			isa = PBXGroup;
			children = (
				3B08BE4127B2D33F00C36C2F /* Messenger.app */,
			);
			name = Products;
			sourceTree = "<group>";
		};
		3B08BE4327B2D33F00C36C2F /* Messenger */ = {
			isa = PBXGroup;
			children = (
				3BEFAAB027B44F5E00D1E3B0 /* Extensions */,
				3B08BE5C27B2F44400C36C2F /* ViewModels */,
				3B08BE5B27B2F43C00C36C2F /* Models */,
				3B08BE5A27B2F43600C36C2F /* Views */,
				3B08BE5927B2F42D00C36C2F /* Controllers */,
				3B08BE5827B2F41200C36C2F /* Resources */,
				3B08BE4D27B2D34000C36C2F /* Assets.xcassets */,
				3B08BE5227B2D34000C36C2F /* Info.plist */,
			);
			path = Messenger;
			sourceTree = "<group>";
		};
		3B08BE5827B2F41200C36C2F /* Resources */ = {
			isa = PBXGroup;
			children = (
				3B08BE4427B2D33F00C36C2F /* AppDelegate.swift */,
				3B08BE4627B2D33F00C36C2F /* SceneDelegate.swift */,
			);
			path = Resources;
			sourceTree = "<group>";
		};
		3B08BE5927B2F42D00C36C2F /* Controllers */ = {
			isa = PBXGroup;
			children = (
				3B08BE4827B2D33F00C36C2F /* ConversationViewController.swift */,
				3B08BE7327B3148E00C36C2F /* Login */,
				3B08BE6227B2F78500C36C2F /* PhotoViewerViewController.swift */,
				3B08BE6427B2F79100C36C2F /* VideoPlayerViewController.swift */,
				3B08BE6627B2F7C200C36C2F /* NewConversationViewController.swift */,
				3B08BE6827B2F7D400C36C2F /* ProfileViewController.swift */,
			);
			path = Controllers;
			sourceTree = "<group>";
		};
		3B08BE5A27B2F43600C36C2F /* Views */ = {
			isa = PBXGroup;
			children = (
				3BEFAAC927BACFD400D1E3B0 /* Helpers */,
				3B08BE5D27B2F48D00C36C2F /* Storyboards */,
			);
			path = Views;
			sourceTree = "<group>";
		};
		3B08BE5B27B2F43C00C36C2F /* Models */ = {
			isa = PBXGroup;
			children = (
			);
			path = Models;
			sourceTree = "<group>";
		};
		3B08BE5C27B2F44400C36C2F /* ViewModels */ = {
			isa = PBXGroup;
			children = (
			);
			path = ViewModels;
			sourceTree = "<group>";
		};
		3B08BE5D27B2F48D00C36C2F /* Storyboards */ = {
			isa = PBXGroup;
			children = (
				3B08BE4A27B2D33F00C36C2F /* Main.storyboard */,
				3B08BE4F27B2D34000C36C2F /* LaunchScreen.storyboard */,
			);
			path = Storyboards;
			sourceTree = "<group>";
		};
		3B08BE7327B3148E00C36C2F /* Login */ = {
			isa = PBXGroup;
			children = (
				3B08BE5E27B2F74900C36C2F /* LoginViewController.swift */,
				3B08BE6027B2F75900C36C2F /* RegisterViewController.swift */,
			);
			path = Login;
			sourceTree = "<group>";
		};
		3BEFAAB027B44F5E00D1E3B0 /* Extensions */ = {
			isa = PBXGroup;
			children = (
				3BEFAAB127B44F6E00D1E3B0 /* UIView+.swift */,
			);
			path = Extensions;
			sourceTree = "<group>";
		};
		3BEFAAC927BACFD400D1E3B0 /* Helpers */ = {
			isa = PBXGroup;
			children = (
				3BEFAACA27BACFEF00D1E3B0 /* CustomTextField.swift */,
			);
			path = Helpers;
			sourceTree = "<group>";
		};
/* End PBXGroup section */

/* Begin PBXNativeTarget section */
		3B08BE4027B2D33F00C36C2F /* Messenger */ = {
			isa = PBXNativeTarget;
			buildConfigurationList = 3B08BE5527B2D34000C36C2F /* Build configuration list for PBXNativeTarget "Messenger" */;
			buildPhases = (
				3B08BE3D27B2D33F00C36C2F /* Sources */,
				3B08BE3E27B2D33F00C36C2F /* Frameworks */,
				3B08BE3F27B2D33F00C36C2F /* Resources */,
			);
			buildRules = (
			);
			dependencies = (
			);
			name = Messenger;
			packageProductDependencies = (
				3BEFAABE27B93DCD00D1E3B0 /* SnapKit */,
			);
			productName = Messenger;
			productReference = 3B08BE4127B2D33F00C36C2F /* Messenger.app */;
			productType = "com.apple.product-type.application";
		};
/* End PBXNativeTarget section */

/* Begin PBXProject section */
		3B08BE3927B2D33F00C36C2F /* Project object */ = {
			isa = PBXProject;
			attributes = {
				BuildIndependentTargetsInParallel = 1;
				LastSwiftUpdateCheck = 1320;
				LastUpgradeCheck = 1320;
				TargetAttributes = {
					3B08BE4027B2D33F00C36C2F = {
						CreatedOnToolsVersion = 13.2.1;
					};
				};
			};
			buildConfigurationList = 3B08BE3C27B2D33F00C36C2F /* Build configuration list for PBXProject "Messenger" */;
			compatibilityVersion = "Xcode 13.0";
			developmentRegion = en;
			hasScannedForEncodings = 0;
			knownRegions = (
				en,
				Base,
			);
			mainGroup = 3B08BE3827B2D33F00C36C2F;
			packageReferences = (
				3BEFAABD27B93DCD00D1E3B0 /* XCRemoteSwiftPackageReference "SnapKit" */,
			);
			productRefGroup = 3B08BE4227B2D33F00C36C2F /* Products */;
			projectDirPath = "";
			projectRoot = "";
			targets = (
				3B08BE4027B2D33F00C36C2F /* Messenger */,
			);
		};
/* End PBXProject section */

/* Begin PBXResourcesBuildPhase section */
		3B08BE3F27B2D33F00C36C2F /* Resources */ = {
			isa = PBXResourcesBuildPhase;
			buildActionMask = 2147483647;
			files = (
				3B08BE5127B2D34000C36C2F /* LaunchScreen.storyboard in Resources */,
				3B08BE4E27B2D34000C36C2F /* Assets.xcassets in Resources */,
				3B08BE4C27B2D33F00C36C2F /* Main.storyboard in Resources */,
			);
			runOnlyForDeploymentPostprocessing = 0;
		};
/* End PBXResourcesBuildPhase section */

/* Begin PBXSourcesBuildPhase section */
		3B08BE3D27B2D33F00C36C2F /* Sources */ = {
			isa = PBXSourcesBuildPhase;
			buildActionMask = 2147483647;
			files = (
				3B08BE5F27B2F74900C36C2F /* LoginViewController.swift in Sources */,
				3BEFAACB27BACFEF00D1E3B0 /* CustomTextField.swift in Sources */,
				3B08BE6127B2F75900C36C2F /* RegisterViewController.swift in Sources */,
				3B08BE6727B2F7C200C36C2F /* NewConversationViewController.swift in Sources */,
				3B08BE4927B2D33F00C36C2F /* ConversationViewController.swift in Sources */,
				3BEFAAB227B44F6E00D1E3B0 /* UIView+.swift in Sources */,
				3B08BE6527B2F79100C36C2F /* VideoPlayerViewController.swift in Sources */,
				3B08BE4527B2D33F00C36C2F /* AppDelegate.swift in Sources */,
				3B08BE6927B2F7D400C36C2F /* ProfileViewController.swift in Sources */,
				3B08BE4727B2D33F00C36C2F /* SceneDelegate.swift in Sources */,
				3B08BE6327B2F78500C36C2F /* PhotoViewerViewController.swift in Sources */,
			);
			runOnlyForDeploymentPostprocessing = 0;
		};
/* End PBXSourcesBuildPhase section */

/* Begin PBXVariantGroup section */
		3B08BE4A27B2D33F00C36C2F /* Main.storyboard */ = {
			isa = PBXVariantGroup;
			children = (
				3B08BE4B27B2D33F00C36C2F /* Base */,
			);
			name = Main.storyboard;
			sourceTree = "<group>";
		};
		3B08BE4F27B2D34000C36C2F /* LaunchScreen.storyboard */ = {
			isa = PBXVariantGroup;
			children = (
				3B08BE5027B2D34000C36C2F /* Base */,
			);
			name = LaunchScreen.storyboard;
			sourceTree = "<group>";
		};
/* End PBXVariantGroup section */

/* Begin XCBuildConfiguration section */
		3B08BE5327B2D34000C36C2F /* Debug */ = {
			isa = XCBuildConfiguration;
			buildSettings = {
				ALWAYS_SEARCH_USER_PATHS = NO;
				CLANG_ANALYZER_NONNULL = YES;
				CLANG_ANALYZER_NUMBER_OBJECT_CONVERSION = YES_AGGRESSIVE;
				CLANG_CXX_LANGUAGE_STANDARD = "gnu++17";
				CLANG_CXX_LIBRARY = "libc++";
				CLANG_ENABLE_MODULES = YES;
				CLANG_ENABLE_OBJC_ARC = YES;
				CLANG_ENABLE_OBJC_WEAK = YES;
				CLANG_WARN_BLOCK_CAPTURE_AUTORELEASING = YES;
				CLANG_WARN_BOOL_CONVERSION = YES;
				CLANG_WARN_COMMA = YES;
				CLANG_WARN_CONSTANT_CONVERSION = YES;
				CLANG_WARN_DEPRECATED_OBJC_IMPLEMENTATIONS = YES;
				CLANG_WARN_DIRECT_OBJC_ISA_USAGE = YES_ERROR;
				CLANG_WARN_DOCUMENTATION_COMMENTS = YES;
				CLANG_WARN_EMPTY_BODY = YES;
				CLANG_WARN_ENUM_CONVERSION = YES;
				CLANG_WARN_INFINITE_RECURSION = YES;
				CLANG_WARN_INT_CONVERSION = YES;
				CLANG_WARN_NON_LITERAL_NULL_CONVERSION = YES;
				CLANG_WARN_OBJC_IMPLICIT_RETAIN_SELF = YES;
				CLANG_WARN_OBJC_LITERAL_CONVERSION = YES;
				CLANG_WARN_OBJC_ROOT_CLASS = YES_ERROR;
				CLANG_WARN_QUOTED_INCLUDE_IN_FRAMEWORK_HEADER = YES;
				CLANG_WARN_RANGE_LOOP_ANALYSIS = YES;
				CLANG_WARN_STRICT_PROTOTYPES = YES;
				CLANG_WARN_SUSPICIOUS_MOVE = YES;
				CLANG_WARN_UNGUARDED_AVAILABILITY = YES_AGGRESSIVE;
				CLANG_WARN_UNREACHABLE_CODE = YES;
				CLANG_WARN__DUPLICATE_METHOD_MATCH = YES;
				COPY_PHASE_STRIP = NO;
				DEBUG_INFORMATION_FORMAT = dwarf;
				ENABLE_STRICT_OBJC_MSGSEND = YES;
				ENABLE_TESTABILITY = YES;
				GCC_C_LANGUAGE_STANDARD = gnu11;
				GCC_DYNAMIC_NO_PIC = NO;
				GCC_NO_COMMON_BLOCKS = YES;
				GCC_OPTIMIZATION_LEVEL = 0;
				GCC_PREPROCESSOR_DEFINITIONS = (
					"DEBUG=1",
					"$(inherited)",
				);
				GCC_WARN_64_TO_32_BIT_CONVERSION = YES;
				GCC_WARN_ABOUT_RETURN_TYPE = YES_ERROR;
				GCC_WARN_UNDECLARED_SELECTOR = YES;
				GCC_WARN_UNINITIALIZED_AUTOS = YES_AGGRESSIVE;
				GCC_WARN_UNUSED_FUNCTION = YES;
				GCC_WARN_UNUSED_VARIABLE = YES;
				IPHONEOS_DEPLOYMENT_TARGET = 15.2;
				MTL_ENABLE_DEBUG_INFO = INCLUDE_SOURCE;
				MTL_FAST_MATH = YES;
				ONLY_ACTIVE_ARCH = YES;
				SDKROOT = iphoneos;
				SWIFT_ACTIVE_COMPILATION_CONDITIONS = DEBUG;
				SWIFT_OPTIMIZATION_LEVEL = "-Onone";
			};
			name = Debug;
		};
		3B08BE5427B2D34000C36C2F /* Release */ = {
			isa = XCBuildConfiguration;
			buildSettings = {
				ALWAYS_SEARCH_USER_PATHS = NO;
				CLANG_ANALYZER_NONNULL = YES;
				CLANG_ANALYZER_NUMBER_OBJECT_CONVERSION = YES_AGGRESSIVE;
				CLANG_CXX_LANGUAGE_STANDARD = "gnu++17";
				CLANG_CXX_LIBRARY = "libc++";
				CLANG_ENABLE_MODULES = YES;
				CLANG_ENABLE_OBJC_ARC = YES;
				CLANG_ENABLE_OBJC_WEAK = YES;
				CLANG_WARN_BLOCK_CAPTURE_AUTORELEASING = YES;
				CLANG_WARN_BOOL_CONVERSION = YES;
				CLANG_WARN_COMMA = YES;
				CLANG_WARN_CONSTANT_CONVERSION = YES;
				CLANG_WARN_DEPRECATED_OBJC_IMPLEMENTATIONS = YES;
				CLANG_WARN_DIRECT_OBJC_ISA_USAGE = YES_ERROR;
				CLANG_WARN_DOCUMENTATION_COMMENTS = YES;
				CLANG_WARN_EMPTY_BODY = YES;
				CLANG_WARN_ENUM_CONVERSION = YES;
				CLANG_WARN_INFINITE_RECURSION = YES;
				CLANG_WARN_INT_CONVERSION = YES;
				CLANG_WARN_NON_LITERAL_NULL_CONVERSION = YES;
				CLANG_WARN_OBJC_IMPLICIT_RETAIN_SELF = YES;
				CLANG_WARN_OBJC_LITERAL_CONVERSION = YES;
				CLANG_WARN_OBJC_ROOT_CLASS = YES_ERROR;
				CLANG_WARN_QUOTED_INCLUDE_IN_FRAMEWORK_HEADER = YES;
				CLANG_WARN_RANGE_LOOP_ANALYSIS = YES;
				CLANG_WARN_STRICT_PROTOTYPES = YES;
				CLANG_WARN_SUSPICIOUS_MOVE = YES;
				CLANG_WARN_UNGUARDED_AVAILABILITY = YES_AGGRESSIVE;
				CLANG_WARN_UNREACHABLE_CODE = YES;
				CLANG_WARN__DUPLICATE_METHOD_MATCH = YES;
				COPY_PHASE_STRIP = NO;
				DEBUG_INFORMATION_FORMAT = "dwarf-with-dsym";
				ENABLE_NS_ASSERTIONS = NO;
				ENABLE_STRICT_OBJC_MSGSEND = YES;
				GCC_C_LANGUAGE_STANDARD = gnu11;
				GCC_NO_COMMON_BLOCKS = YES;
				GCC_WARN_64_TO_32_BIT_CONVERSION = YES;
				GCC_WARN_ABOUT_RETURN_TYPE = YES_ERROR;
				GCC_WARN_UNDECLARED_SELECTOR = YES;
				GCC_WARN_UNINITIALIZED_AUTOS = YES_AGGRESSIVE;
				GCC_WARN_UNUSED_FUNCTION = YES;
				GCC_WARN_UNUSED_VARIABLE = YES;
				IPHONEOS_DEPLOYMENT_TARGET = 15.2;
				MTL_ENABLE_DEBUG_INFO = NO;
				MTL_FAST_MATH = YES;
				SDKROOT = iphoneos;
				SWIFT_COMPILATION_MODE = wholemodule;
				SWIFT_OPTIMIZATION_LEVEL = "-O";
				VALIDATE_PRODUCT = YES;
			};
			name = Release;
		};
		3B08BE5627B2D34000C36C2F /* Debug */ = {
			isa = XCBuildConfiguration;
			buildSettings = {
				ASSETCATALOG_COMPILER_APPICON_NAME = AppIcon;
				ASSETCATALOG_COMPILER_GLOBAL_ACCENT_COLOR_NAME = AccentColor;
				CODE_SIGN_STYLE = Automatic;
				CURRENT_PROJECT_VERSION = 1;
				DEVELOPMENT_TEAM = VNALHBP9BX;
				GENERATE_INFOPLIST_FILE = YES;
				INFOPLIST_FILE = Messenger/Info.plist;
				INFOPLIST_KEY_UIApplicationSupportsIndirectInputEvents = YES;
				INFOPLIST_KEY_UILaunchStoryboardName = LaunchScreen;
				INFOPLIST_KEY_UIMainStoryboardFile = Main;
				INFOPLIST_KEY_UISupportedInterfaceOrientations_iPad = "UIInterfaceOrientationPortrait UIInterfaceOrientationPortraitUpsideDown UIInterfaceOrientationLandscapeLeft UIInterfaceOrientationLandscapeRight";
				INFOPLIST_KEY_UISupportedInterfaceOrientations_iPhone = "UIInterfaceOrientationPortrait UIInterfaceOrientationLandscapeLeft UIInterfaceOrientationLandscapeRight";
				IPHONEOS_DEPLOYMENT_TARGET = 13.0;
				LD_RUNPATH_SEARCH_PATHS = (
					"$(inherited)",
					"@executable_path/Frameworks",
				);
				MARKETING_VERSION = 1.0;
				PRODUCT_BUNDLE_IDENTIFIER = "Ilia-Ershov.Messenger";
				PRODUCT_NAME = "$(TARGET_NAME)";
				SWIFT_EMIT_LOC_STRINGS = YES;
				SWIFT_VERSION = 5.0;
				TARGETED_DEVICE_FAMILY = "1,2";
			};
			name = Debug;
		};
		3B08BE5727B2D34000C36C2F /* Release */ = {
			isa = XCBuildConfiguration;
			buildSettings = {
				ASSETCATALOG_COMPILER_APPICON_NAME = AppIcon;
				ASSETCATALOG_COMPILER_GLOBAL_ACCENT_COLOR_NAME = AccentColor;
				CODE_SIGN_STYLE = Automatic;
				CURRENT_PROJECT_VERSION = 1;
				DEVELOPMENT_TEAM = VNALHBP9BX;
				GENERATE_INFOPLIST_FILE = YES;
				INFOPLIST_FILE = Messenger/Info.plist;
				INFOPLIST_KEY_UIApplicationSupportsIndirectInputEvents = YES;
				INFOPLIST_KEY_UILaunchStoryboardName = LaunchScreen;
				INFOPLIST_KEY_UIMainStoryboardFile = Main;
				INFOPLIST_KEY_UISupportedInterfaceOrientations_iPad = "UIInterfaceOrientationPortrait UIInterfaceOrientationPortraitUpsideDown UIInterfaceOrientationLandscapeLeft UIInterfaceOrientationLandscapeRight";
				INFOPLIST_KEY_UISupportedInterfaceOrientations_iPhone = "UIInterfaceOrientationPortrait UIInterfaceOrientationLandscapeLeft UIInterfaceOrientationLandscapeRight";
				IPHONEOS_DEPLOYMENT_TARGET = 13.0;
				LD_RUNPATH_SEARCH_PATHS = (
					"$(inherited)",
					"@executable_path/Frameworks",
				);
				MARKETING_VERSION = 1.0;
				PRODUCT_BUNDLE_IDENTIFIER = "Ilia-Ershov.Messenger";
				PRODUCT_NAME = "$(TARGET_NAME)";
				SWIFT_EMIT_LOC_STRINGS = YES;
				SWIFT_VERSION = 5.0;
				TARGETED_DEVICE_FAMILY = "1,2";
			};
			name = Release;
		};
/* End XCBuildConfiguration section */

/* Begin XCConfigurationList section */
		3B08BE3C27B2D33F00C36C2F /* Build configuration list for PBXProject "Messenger" */ = {
			isa = XCConfigurationList;
			buildConfigurations = (
				3B08BE5327B2D34000C36C2F /* Debug */,
				3B08BE5427B2D34000C36C2F /* Release */,
			);
			defaultConfigurationIsVisible = 0;
			defaultConfigurationName = Release;
		};
		3B08BE5527B2D34000C36C2F /* Build configuration list for PBXNativeTarget "Messenger" */ = {
			isa = XCConfigurationList;
			buildConfigurations = (
				3B08BE5627B2D34000C36C2F /* Debug */,
				3B08BE5727B2D34000C36C2F /* Release */,
			);
			defaultConfigurationIsVisible = 0;
			defaultConfigurationName = Release;
		};
/* End XCConfigurationList section */

/* Begin XCRemoteSwiftPackageReference section */
		3BEFAABD27B93DCD00D1E3B0 /* XCRemoteSwiftPackageReference "SnapKit" */ = {
			isa = XCRemoteSwiftPackageReference;
			repositoryURL = "https://github.com/SnapKit/SnapKit";
			requirement = {
				kind = upToNextMajorVersion;
				minimumVersion = 5.0.0;
			};
		};
/* End XCRemoteSwiftPackageReference section */

/* Begin XCSwiftPackageProductDependency section */
		3BEFAABE27B93DCD00D1E3B0 /* SnapKit */ = {
			isa = XCSwiftPackageProductDependency;
			package = 3BEFAABD27B93DCD00D1E3B0 /* XCRemoteSwiftPackageReference "SnapKit" */;
			productName = SnapKit;
		};
/* End XCSwiftPackageProductDependency section */
	};
	rootObject = 3B08BE3927B2D33F00C36C2F /* Project object */;
}
